
Microsoft Visual Studio Solution File, Format Version 12.00
# Visual Studio Version 17
VisualStudioVersion = 17.4.33122.133
MinimumVisualStudioVersion = 10.0.40219.1
Project("{9A19103F-16F7-4668-BE54-9A1E7A4F7556}") = "ConsoleApp1", "ConsoleApp1.csproj", "{57CE3FDE-4CA3-4179-8F0E-DD093C60781D}"
EndProject
Project("{9A19103F-16F7-4668-BE54-9A1E7A4F7556}") = "SinavNotOrtalamasi", "..\SinavNotOrtalamasi\SinavNotOrtalamasi.csproj", "{17B2C1A9-F0DC-4AF4-BF18-EBD4E4AB3B79}"
EndProject
Project("{FAE04EC0-301F-11D3-BF4B-00C04F79EFBC}") = "ConsoleApp2", "..\ConsoleApp2\ConsoleApp2.csproj", "{BB379287-3D32-496E-8168-3D1F79F4A421}"
EndProject
Global
	GlobalSection(SolutionConfigurationPlatforms) = preSolution
		Debug|Any CPU = Debug|Any CPU
		Release|Any CPU = Release|Any CPU
	EndGlobalSection
	GlobalSection(ProjectConfigurationPlatforms) = postSolution
		{57CE3FDE-4CA3-4179-8F0E-DD093C60781D}.Debug|Any CPU.ActiveCfg = Debug|Any CPU
		{57CE3FDE-4CA3-4179-8F0E-DD093C60781D}.Debug|Any CPU.Build.0 = Debug|Any CPU
		{57CE3FDE-4CA3-4179-8F0E-DD093C60781D}.Release|Any CPU.ActiveCfg = Release|Any CPU
		{57CE3FDE-4CA3-4179-8F0E-DD093C60781D}.Release|Any CPU.Build.0 = Release|Any CPU
		{17B2C1A9-F0DC-4AF4-BF18-EBD4E4AB3B79}.Debug|Any CPU.ActiveCfg = Debug|Any CPU
		{17B2C1A9-F0DC-4AF4-BF18-EBD4E4AB3B79}.Debug|Any CPU.Build.0 = Debug|Any CPU
		{17B2C1A9-F0DC-4AF4-BF18-EBD4E4AB3B79}.Release|Any CPU.ActiveCfg = Release|Any CPU
		{17B2C1A9-F0DC-4AF4-BF18-EBD4E4AB3B79}.Release|Any CPU.Build.0 = Release|Any CPU
		{BB379287-3D32-496E-8168-3D1F79F4A421}.Debug|Any CPU.ActiveCfg = Debug|Any CPU
		{BB379287-3D32-496E-8168-3D1F79F4A421}.Debug|Any CPU.Build.0 = Debug|Any CPU
		{BB379287-3D32-496E-8168-3D1F79F4A421}.Release|Any CPU.ActiveCfg = Release|Any CPU
		{BB379287-3D32-496E-8168-3D1F79F4A421}.Release|Any CPU.Build.0 = Release|Any CPU
	EndGlobalSection
	GlobalSection(SolutionProperties) = preSolution
		HideSolutionNode = FALSE
	EndGlobalSection
	GlobalSection(ExtensibilityGlobals) = postSolution
		SolutionGuid = {24089889-CD23-4250-BEFE-A0A6796ACBD0}
	EndGlobalSection
EndGlobal
