
Microsoft Visual Studio Solution File, Format Version 12.00
# Visual Studio Version 17
VisualStudioVersion = 17.4.33205.214
MinimumVisualStudioVersion = 10.0.40219.1
Project("{FAE04EC0-301F-11D3-BF4B-00C04F79EFBC}") = "WinFormsApp1", "WinFormsApp1.csproj", "{10CA6080-29D5-47E1-A6A9-D61615CE58C6}"
EndProject
Global
	GlobalSection(SolutionConfigurationPlatforms) = preSolution
		Debug|Any CPU = Debug|Any CPU
		Release|Any CPU = Release|Any CPU
	EndGlobalSection
	GlobalSection(ProjectConfigurationPlatforms) = postSolution
		{10CA6080-29D5-47E1-A6A9-D61615CE58C6}.Debug|Any CPU.ActiveCfg = Debug|Any CPU
		{10CA6080-29D5-47E1-A6A9-D61615CE58C6}.Debug|Any CPU.Build.0 = Debug|Any CPU
		{10CA6080-29D5-47E1-A6A9-D61615CE58C6}.Release|Any CPU.ActiveCfg = Release|Any CPU
		{10CA6080-29D5-47E1-A6A9-D61615CE58C6}.Release|Any CPU.Build.0 = Release|Any CPU
	EndGlobalSection
	GlobalSection(SolutionProperties) = preSolution
		HideSolutionNode = FALSE
	EndGlobalSection
	GlobalSection(ExtensibilityGlobals) = postSolution
		SolutionGuid = {A3E4E2CB-2499-4CBB-9EBA-B29528392E14}
	EndGlobalSection
EndGlobal
