
Microsoft Visual Studio Solution File, Format Version 12.00
# Visual Studio Version 17
VisualStudioVersion = 17.2.32526.322
MinimumVisualStudioVersion = 10.0.40219.1
Project("{9A19103F-16F7-4668-BE54-9A1E7A4F7556}") = "Ders3-Pratik", "Ders3-Pratik\Ders3-Pratik.csproj", "{41096727-3884-4F92-A0CE-F87D2D65400A}"
EndProject
Project("{FAE04EC0-301F-11D3-BF4B-00C04F79EFBC}") = "Ders3-Pratik-2", "Ders3-Pratik-2\Ders3-Pratik-2.csproj", "{73B26064-DD58-4EC7-B641-BB5846D87D74}"
EndProject
Project("{FAE04EC0-301F-11D3-BF4B-00C04F79EFBC}") = "Ders3-Pratik-3", "Ders3-Pratik-3\Ders3-Pratik-3.csproj", "{8EF107F3-AD86-4380-900C-E342CE711274}"
EndProject
Global
	GlobalSection(SolutionConfigurationPlatforms) = preSolution
		Debug|Any CPU = Debug|Any CPU
		Release|Any CPU = Release|Any CPU
	EndGlobalSection
	GlobalSection(ProjectConfigurationPlatforms) = postSolution
		{41096727-3884-4F92-A0CE-F87D2D65400A}.Debug|Any CPU.ActiveCfg = Debug|Any CPU
		{41096727-3884-4F92-A0CE-F87D2D65400A}.Debug|Any CPU.Build.0 = Debug|Any CPU
		{41096727-3884-4F92-A0CE-F87D2D65400A}.Release|Any CPU.ActiveCfg = Release|Any CPU
		{41096727-3884-4F92-A0CE-F87D2D65400A}.Release|Any CPU.Build.0 = Release|Any CPU
		{73B26064-DD58-4EC7-B641-BB5846D87D74}.Debug|Any CPU.ActiveCfg = Debug|Any CPU
		{73B26064-DD58-4EC7-B641-BB5846D87D74}.Debug|Any CPU.Build.0 = Debug|Any CPU
		{73B26064-DD58-4EC7-B641-BB5846D87D74}.Release|Any CPU.ActiveCfg = Release|Any CPU
		{73B26064-DD58-4EC7-B641-BB5846D87D74}.Release|Any CPU.Build.0 = Release|Any CPU
		{8EF107F3-AD86-4380-900C-E342CE711274}.Debug|Any CPU.ActiveCfg = Debug|Any CPU
		{8EF107F3-AD86-4380-900C-E342CE711274}.Debug|Any CPU.Build.0 = Debug|Any CPU
		{8EF107F3-AD86-4380-900C-E342CE711274}.Release|Any CPU.ActiveCfg = Release|Any CPU
		{8EF107F3-AD86-4380-900C-E342CE711274}.Release|Any CPU.Build.0 = Release|Any CPU
	EndGlobalSection
	GlobalSection(SolutionProperties) = preSolution
		HideSolutionNode = FALSE
	EndGlobalSection
	GlobalSection(ExtensibilityGlobals) = postSolution
		SolutionGuid = {BBB682F7-3525-4C0D-A275-2249D11D89F3}
	EndGlobalSection
EndGlobal
